
Microsoft Visual Studio Solution File, Format Version 12.00
# Visual Studio Version 17
VisualStudioVersion = 17.9.34728.123
MinimumVisualStudioVersion = 10.0.40219.1
Project("{C9674DCB-5085-4A16-B785-4C70DD1589BD}") = "ETL_PREICA2401B010093AW", "ETL_PREICA2401B010093AW\ETL_PREICA2401B010093AW.dtproj", "{7FCDE13D-8323-4EF8-BA9D-21AE64D3D19B}"
EndProject
Global
	GlobalSection(SolutionConfigurationPlatforms) = preSolution
		Development|Default = Development|Default
	EndGlobalSection
	GlobalSection(ProjectConfigurationPlatforms) = postSolution
		{7FCDE13D-8323-4EF8-BA9D-21AE64D3D19B}.Development|Default.ActiveCfg = Development
		{7FCDE13D-8323-4EF8-BA9D-21AE64D3D19B}.Development|Default.Build.0 = Development
	EndGlobalSection
	GlobalSection(SolutionProperties) = preSolution
		HideSolutionNode = FALSE
	EndGlobalSection
	GlobalSection(ExtensibilityGlobals) = postSolution
		SolutionGuid = {1F394162-E102-4F2F-883C-366E3AD8E6A8}
	EndGlobalSection
EndGlobal
